{
  "version": 4,
  "terraform_version": "1.9.0",
  "serial": 22,
  "lineage": "2875a242-e09e-46f5-daf8-d314dbbaf861",
  "outputs": {
    "cluster_name": {
      "value": "my-cluster",
      "type": "string"
    },
    "eks_cluster_name": {
      "value": "my-cluster",
      "type": "string"
    }
  },
  "resources": [
    {
      "mode": "managed",
      "type": "aws_eks_cluster",
      "name": "eks_cluster",
      "provider": "provider[\"registry.terraform.io/hashicorp/aws\"]",
      "instances": [
        {
          "schema_version": 0,
          "attributes": {
            "access_config": [
              {
                "authentication_mode": "CONFIG_MAP",
                "bootstrap_cluster_creator_admin_permissions": false
              }
            ],
            "arn": "arn:aws:eks:us-east-1:654654623105:cluster/my-cluster",
            "certificate_authority": [
              {
                "data": "LS0tLS1CRUdJTiBDRVJUSUZJQ0FURS0tLS0tCk1JSURCVENDQWUyZ0F3SUJBZ0lJQ3VpK1JybDRCdUV3RFFZSktvWklodmNOQVFFTEJRQXdGVEVUTUJFR0ExVUUKQXhNS2EzVmlaWEp1WlhSbGN6QWVGdzB5TkRBMk1qa3hORFE1TVROYUZ3MHpOREEyTWpjeE5EVTBNVE5hTUJVeApFekFSQmdOVkJBTVRDbXQxWW1WeWJtVjBaWE13Z2dFaU1BMEdDU3FHU0liM0RRRUJBUVVBQTRJQkR3QXdnZ0VLCkFvSUJBUURoOTRsQXFjTXo5aDlTN3Q0UGRtbGlWblIrcC9BMGNsbzFaZDl4Z0VxTzhnUE9hS0wrOWh2cVR2aGQKUTdzS1N0Qm9CL2hKUzh4SU92V0RmcXk3YlB1S1J6ekJBVi9VRUdoMCsxUkc2Vm9pcndmeHZQOGtBeVZJYTNrMQpmNkdLeHVNb3lxWEgvcnJyenN6TEJVbEtqVGw4Z2tmNmdnNVNROElDcUNJSEVWWXdNbUp3dE9aYUVlTXFwZzdkClZzakZqYmUzaDI3ZndhZUtoSkpkZS9MNERVaG1wRFMwbkxQN1cyRXJaRy9HbXdCTFRsUEdmdFFaYUppaE8rQlQKa2QwV090M1hXYkxtRURDZGlCc0RYQ1FraHFwM0ZsWVk4VGNDMHZOSmptYXJHNHBFM2JmcEN4YXZRKzlpbnVvOAo1NFFyc1hTNDdCbmYwSkU4WnBxK2t2dXBITklKQWdNQkFBR2pXVEJYTUE0R0ExVWREd0VCL3dRRUF3SUNwREFQCkJnTlZIUk1CQWY4RUJUQURBUUgvTUIwR0ExVWREZ1FXQkJUL29uVWFpYjVVVGt3V09aYit5ZENQdWpXam1EQVYKQmdOVkhSRUVEakFNZ2dwcmRXSmxjbTVsZEdWek1BMEdDU3FHU0liM0RRRUJDd1VBQTRJQkFRQ2tEZDhscEY0WQoyRkRXaWRsM2ZBdnlnOTlGUDlsUGp2TGxCbmtuSFhHcXBra3I1VmFiemhGYzBPYVgyZzVLNE04NlRJSUVwdEk2CkFObzN5Q2dKZnpRNnVmaU5qWDY4dXNYTEo4SzlaUFR1cVFqTjVNYUs0R1dJRjFaUjRsaVFXUFVOZUs4U3I4NXUKSFhMaDVVRTVTRjBhMGFDam9MZndrR0hqSW8wbXhUemNJOWF0YWJzUDF4ZG1xWmF5SEtUSVlHbXBHT3hLSGM1TQpoUzNhNDNsbUJLTERTR2huSU9aa09xSFVLd2hsRlk4OXhKNWdBQkkrcDRNNGJ5NENVcmhkT3U5cllZRzNMQXNWClpINHBiRnhNdk1ZMlRjclNwaHNlNDFsMlZhVVpYVmhhSjVEdFVUWTA3TVRkeUdSc1JZbTI1WThLeWFLS29ERWwKUk9zYXU3YThqb010Ci0tLS0tRU5EIENFUlRJRklDQVRFLS0tLS0K"
              }
            ],
            "cluster_id": null,
            "created_at": "2024-06-29 14:49:17.861 +0000 UTC",
            "enabled_cluster_log_types": null,
            "encryption_config": [],
            "endpoint": "https://91DAA6C28688780C422FD40BA4F9EFBE.gr7.us-east-1.eks.amazonaws.com",
            "id": "my-cluster",
            "identity": [
              {
                "oidc": [
                  {
                    "issuer": "https://oidc.eks.us-east-1.amazonaws.com/id/91DAA6C28688780C422FD40BA4F9EFBE"
                  }
                ]
              }
            ],
            "kubernetes_network_config": [
              {
                "ip_family": "ipv4",
                "service_ipv4_cidr": "10.100.0.0/16",
                "service_ipv6_cidr": ""
              }
            ],
            "name": "my-cluster",
            "outpost_config": [],
            "platform_version": "eks.4",
            "role_arn": "arn:aws:iam::654654623105:role/eks-role",
            "status": "ACTIVE",
            "tags": null,
            "tags_all": {},
            "timeouts": null,
            "version": "1.30",
            "vpc_config": [
              {
                "cluster_security_group_id": "sg-02b8d17488a7b34ac",
                "endpoint_private_access": false,
                "endpoint_public_access": true,
                "public_access_cidrs": [
                  "0.0.0.0/0"
                ],
                "security_group_ids": null,
                "subnet_ids": [
                  "subnet-09f32f9759ad4ac6c",
                  "subnet-0c6c7ce19c1064be4"
                ],
                "vpc_id": "vpc-0b63f096b6b1c92b1"
              }
            ]
          },
          "sensitive_attributes": [],
          "private": "eyJlMmJmYjczMC1lY2FhLTExZTYtOGY4OC0zNDM2M2JjN2M0YzAiOnsiY3JlYXRlIjoxODAwMDAwMDAwMDAwLCJkZWxldGUiOjkwMDAwMDAwMDAwMCwidXBkYXRlIjozNjAwMDAwMDAwMDAwfX0=",
          "dependencies": [
            "aws_iam_role.eks_role",
            "aws_subnet.eks_subnet1",
            "aws_subnet.eks_subnet2",
            "aws_vpc.main_vpc"
          ]
        }
      ]
    },
    {
      "mode": "managed",
      "type": "aws_iam_role",
      "name": "eks_role",
      "provider": "provider[\"registry.terraform.io/hashicorp/aws\"]",
      "instances": [
        {
          "schema_version": 0,
          "attributes": {
            "arn": "arn:aws:iam::654654623105:role/eks-role",
            "assume_role_policy": "{\"Statement\":[{\"Action\":\"sts:AssumeRole\",\"Effect\":\"Allow\",\"Principal\":{\"Service\":\"eks.amazonaws.com\"}}],\"Version\":\"2012-10-17\"}",
            "create_date": "2024-06-29T14:32:32Z",
            "description": "",
            "force_detach_policies": false,
            "id": "eks-role",
            "inline_policy": [],
            "managed_policy_arns": [],
            "max_session_duration": 3600,
            "name": "eks-role",
            "name_prefix": "",
            "path": "/",
            "permissions_boundary": "",
            "tags": {},
            "tags_all": {},
            "unique_id": "AROAZQ3DUZWAQIMQB547T"
          },
          "sensitive_attributes": [],
          "private": "bnVsbA=="
        }
      ]
    },
    {
      "mode": "managed",
      "type": "aws_subnet",
      "name": "eks_subnet1",
      "provider": "provider[\"registry.terraform.io/hashicorp/aws\"]",
      "instances": [
        {
          "schema_version": 1,
          "attributes": {
            "arn": "arn:aws:ec2:us-east-1:654654623105:subnet/subnet-0c6c7ce19c1064be4",
            "assign_ipv6_address_on_creation": false,
            "availability_zone": "us-east-1a",
            "availability_zone_id": "use1-az4",
            "cidr_block": "172.31.16.0/20",
            "customer_owned_ipv4_pool": "",
            "enable_dns64": false,
            "enable_lni_at_device_index": 0,
            "enable_resource_name_dns_a_record_on_launch": false,
            "enable_resource_name_dns_aaaa_record_on_launch": false,
            "id": "subnet-0c6c7ce19c1064be4",
            "ipv6_cidr_block": "",
            "ipv6_cidr_block_association_id": "",
            "ipv6_native": false,
            "map_customer_owned_ip_on_launch": false,
            "map_public_ip_on_launch": false,
            "outpost_arn": "",
            "owner_id": "654654623105",
            "private_dns_hostname_type_on_launch": "ip-name",
            "tags": {
              "Name": "EKS Subnet 1"
            },
            "tags_all": {
              "Name": "EKS Subnet 1"
            },
            "timeouts": null,
            "vpc_id": "vpc-0b63f096b6b1c92b1"
          },
          "sensitive_attributes": [],
          "private": "eyJlMmJmYjczMC1lY2FhLTExZTYtOGY4OC0zNDM2M2JjN2M0YzAiOnsiY3JlYXRlIjo2MDAwMDAwMDAwMDAsImRlbGV0ZSI6MTIwMDAwMDAwMDAwMH0sInNjaGVtYV92ZXJzaW9uIjoiMSJ9",
          "dependencies": [
            "aws_vpc.main_vpc"
          ]
        }
      ]
    },
    {
      "mode": "managed",
      "type": "aws_subnet",
      "name": "eks_subnet2",
      "provider": "provider[\"registry.terraform.io/hashicorp/aws\"]",
      "instances": [
        {
          "schema_version": 1,
          "attributes": {
            "arn": "arn:aws:ec2:us-east-1:654654623105:subnet/subnet-09f32f9759ad4ac6c",
            "assign_ipv6_address_on_creation": false,
            "availability_zone": "us-east-1b",
            "availability_zone_id": "use1-az6",
            "cidr_block": "172.31.32.0/20",
            "customer_owned_ipv4_pool": "",
            "enable_dns64": false,
            "enable_lni_at_device_index": 0,
            "enable_resource_name_dns_a_record_on_launch": false,
            "enable_resource_name_dns_aaaa_record_on_launch": false,
            "id": "subnet-09f32f9759ad4ac6c",
            "ipv6_cidr_block": "",
            "ipv6_cidr_block_association_id": "",
            "ipv6_native": false,
            "map_customer_owned_ip_on_launch": false,
            "map_public_ip_on_launch": false,
            "outpost_arn": "",
            "owner_id": "654654623105",
            "private_dns_hostname_type_on_launch": "ip-name",
            "tags": {
              "Name": "EKS Subnet 2"
            },
            "tags_all": {
              "Name": "EKS Subnet 2"
            },
            "timeouts": null,
            "vpc_id": "vpc-0b63f096b6b1c92b1"
          },
          "sensitive_attributes": [],
          "private": "eyJlMmJmYjczMC1lY2FhLTExZTYtOGY4OC0zNDM2M2JjN2M0YzAiOnsiY3JlYXRlIjo2MDAwMDAwMDAwMDAsImRlbGV0ZSI6MTIwMDAwMDAwMDAwMH0sInNjaGVtYV92ZXJzaW9uIjoiMSJ9",
          "dependencies": [
            "aws_vpc.main_vpc"
          ]
        }
      ]
    },
    {
      "mode": "managed",
      "type": "aws_vpc",
      "name": "main_vpc",
      "provider": "provider[\"registry.terraform.io/hashicorp/aws\"]",
      "instances": [
        {
          "schema_version": 1,
          "attributes": {
            "arn": "arn:aws:ec2:us-east-1:654654623105:vpc/vpc-0b63f096b6b1c92b1",
            "assign_generated_ipv6_cidr_block": false,
            "cidr_block": "172.31.0.0/16",
            "default_network_acl_id": "acl-0c23f3d48c1525595",
            "default_route_table_id": "rtb-00efaf2d6934ae204",
            "default_security_group_id": "sg-05c142c008215b5e8",
            "dhcp_options_id": "dopt-0a8f1ea66c65d12bb",
            "enable_dns_hostnames": true,
            "enable_dns_support": true,
            "enable_network_address_usage_metrics": false,
            "id": "vpc-0b63f096b6b1c92b1",
            "instance_tenancy": "default",
            "ipv4_ipam_pool_id": null,
            "ipv4_netmask_length": null,
            "ipv6_association_id": "",
            "ipv6_cidr_block": "",
            "ipv6_cidr_block_network_border_group": "",
            "ipv6_ipam_pool_id": "",
            "ipv6_netmask_length": 0,
            "main_route_table_id": "rtb-00efaf2d6934ae204",
            "owner_id": "654654623105",
            "tags": {
              "Name": "Main VPC"
            },
            "tags_all": {
              "Name": "Main VPC"
            }
          },
          "sensitive_attributes": [],
          "private": "eyJzY2hlbWFfdmVyc2lvbiI6IjEifQ=="
        }
      ]
    }
  ],
  "check_results": null
}
